
Microsoft Visual Studio Solution File, Format Version 12.00
# Visual Studio Version 16
VisualStudioVersion = 16.0.31702.278
MinimumVisualStudioVersion = 10.0.40219.1
Project("{FAE04EC0-301F-11D3-BF4B-00C04F79EFBC}") = "GerenciadorDeCursos", "GerenciadorDeCursos.csproj", "{EA2F7AAA-C31C-4F05-BF05-AF1D793D9166}"
EndProject
Global
	GlobalSection(SolutionConfigurationPlatforms) = preSolution
		Debug|Any CPU = Debug|Any CPU
		Release|Any CPU = Release|Any CPU
	EndGlobalSection
	GlobalSection(ProjectConfigurationPlatforms) = postSolution
		{EA2F7AAA-C31C-4F05-BF05-AF1D793D9166}.Debug|Any CPU.ActiveCfg = Debug|Any CPU
		{EA2F7AAA-C31C-4F05-BF05-AF1D793D9166}.Debug|Any CPU.Build.0 = Debug|Any CPU
		{EA2F7AAA-C31C-4F05-BF05-AF1D793D9166}.Release|Any CPU.ActiveCfg = Release|Any CPU
		{EA2F7AAA-C31C-4F05-BF05-AF1D793D9166}.Release|Any CPU.Build.0 = Release|Any CPU
	EndGlobalSection
	GlobalSection(SolutionProperties) = preSolution
		HideSolutionNode = FALSE
	EndGlobalSection
	GlobalSection(ExtensibilityGlobals) = postSolution
		SolutionGuid = {F5D3D535-A393-4730-8354-2A5904181A02}
	EndGlobalSection
EndGlobal
